[[package]]
name = "appdirs"
version = "1.4.4"
description = "A small Python module for determining appropriate platform-specific dirs, e.g. a \"user data dir\"."
category = "dev"
optional = false
python-versions = "*"

[[package]]
name = "black"
version = "20.8b1"
description = "The uncompromising code formatter."
category = "dev"
optional = false
python-versions = ">=3.6"

[package.dependencies]
appdirs = "*"
click = ">=7.1.2"
mypy-extensions = ">=0.4.3"
pathspec = ">=0.6,<1"
regex = ">=2020.1.8"
toml = ">=0.10.1"
typed-ast = ">=1.4.0"
typing-extensions = ">=3.7.4"

[package.extras]
colorama = ["colorama (>=0.4.3)"]
d = ["aiohttp (>=3.3.2)", "aiohttp-cors"]

[[package]]
name = "click"
version = "8.1.2"
description = "Composable command line interface toolkit"
category = "dev"
optional = false
python-versions = ">=3.7"

[package.dependencies]
colorama = {version = "*", markers = "platform_system == \"Windows\""}

[[package]]
name = "colorama"
version = "0.4.4"
description = "Cross-platform colored terminal text."
category = "dev"
optional = false
python-versions = ">=2.7, !=3.0.*, !=3.1.*, !=3.2.*, !=3.3.*, !=3.4.*"

[[package]]
name = "flake8"
version = "3.8.4"
description = "the modular source code checker: pep8 pyflakes and co"
category = "dev"
optional = false
python-versions = "!=3.0.*,!=3.1.*,!=3.2.*,!=3.3.*,>=2.7"

[package.dependencies]
mccabe = ">=0.6.0,<0.7.0"
pycodestyle = ">=2.6.0a1,<2.7.0"
pyflakes = ">=2.2.0,<2.3.0"

[[package]]
name = "isort"
version = "5.6.2"
description = "A Python utility / library to sort Python imports."
category = "dev"
optional = false
python-versions = ">=3.6,<4.0"

[package.extras]
pipfile_deprecated_finder = ["pipreqs", "requirementslib"]
requirements_deprecated_finder = ["pipreqs", "pip-api"]
colors = ["colorama (>=0.4.3,<0.5.0)"]

[[package]]
name = "mccabe"
version = "0.6.1"
description = "McCabe checker, plugin for flake8"
category = "dev"
optional = false
python-versions = "*"

[[package]]
name = "mypy"
version = "0.812"
description = "Optional static typing for Python"
category = "dev"
optional = false
python-versions = ">=3.5"

[package.dependencies]
mypy-extensions = ">=0.4.3,<0.5.0"
typed-ast = ">=1.4.0,<1.5.0"
typing-extensions = ">=3.7.4"

[package.extras]
dmypy = ["psutil (>=4.0)"]

[[package]]
name = "mypy-extensions"
version = "0.4.3"
description = "Experimental type system extensions for programs checked with the mypy typechecker."
category = "dev"
optional = false
python-versions = "*"

[[package]]
name = "pathspec"
version = "0.9.0"
description = "Utility library for gitignore style pattern matching of file paths."
category = "dev"
optional = false
python-versions = "!=3.0.*,!=3.1.*,!=3.2.*,!=3.3.*,!=3.4.*,>=2.7"

[[package]]
name = "pycodestyle"
version = "2.6.0"
description = "Python style guide checker"
category = "dev"
optional = false
python-versions = ">=2.7, !=3.0.*, !=3.1.*, !=3.2.*, !=3.3.*"

[[package]]
name = "pyflakes"
version = "2.2.0"
description = "passive checker of Python programs"
category = "dev"
optional = false
python-versions = ">=2.7, !=3.0.*, !=3.1.*, !=3.2.*, !=3.3.*"

[[package]]
name = "python-telegram"
version = "0.15.0"
description = "Python library to help you build your own Telegram clients"
category = "main"
optional = false
python-versions = "*"

[[package]]
name = "regex"
version = "2022.3.15"
description = "Alternative regular expression module, to replace re."
category = "dev"
optional = false
python-versions = ">=3.6"

[[package]]
name = "toml"
version = "0.10.2"
description = "Python Library for Tom's Obvious, Minimal Language"
category = "dev"
optional = false
python-versions = ">=2.6, !=3.0.*, !=3.1.*, !=3.2.*"

[[package]]
name = "typed-ast"
version = "1.4.3"
description = "a fork of Python 2 and 3 ast modules with type comment support"
category = "dev"
optional = false
python-versions = "*"

[[package]]
name = "typing-extensions"
version = "4.2.0"
description = "Backported and Experimental Type Hints for Python 3.7+"
category = "dev"
optional = false
python-versions = ">=3.7"

[metadata]
lock-version = "1.1"
python-versions = "^3.8"
content-hash = "323d8ffff82dd7531ce5c831705cc8c295616ce001ecc19f37158506a1e57075"

[metadata.files]
appdirs = [
    {file = "appdirs-1.4.4-py2.py3-none-any.whl", hash = "sha256:a841dacd6b99318a741b166adb07e19ee71a274450e68237b4650ca1055ab128"},
    {file = "appdirs-1.4.4.tar.gz", hash = "sha256:7d5d0167b2b1ba821647616af46a749d1c653740dd0d2415100fe26e27afdf41"},
]
black = [
    {file = "black-20.8b1.tar.gz", hash = "sha256:1c02557aa099101b9d21496f8a914e9ed2222ef70336404eeeac8edba836fbea"},
]
click = [
    {file = "click-8.1.2-py3-none-any.whl", hash = "sha256:24e1a4a9ec5bf6299411369b208c1df2188d9eb8d916302fe6bf03faed227f1e"},
    {file = "click-8.1.2.tar.gz", hash = "sha256:479707fe14d9ec9a0757618b7a100a0ae4c4e236fac5b7f80ca68028141a1a72"},
]
colorama = [
    {file = "colorama-0.4.4-py2.py3-none-any.whl", hash = "sha256:9f47eda37229f68eee03b24b9748937c7dc3868f906e8ba69fbcbdd3bc5dc3e2"},
    {file = "colorama-0.4.4.tar.gz", hash = "sha256:5941b2b48a20143d2267e95b1c2a7603ce057ee39fd88e7329b0c292aa16869b"},
]
flake8 = [
    {file = "flake8-3.8.4-py2.py3-none-any.whl", hash = "sha256:749dbbd6bfd0cf1318af27bf97a14e28e5ff548ef8e5b1566ccfb25a11e7c839"},
    {file = "flake8-3.8.4.tar.gz", hash = "sha256:aadae8761ec651813c24be05c6f7b4680857ef6afaae4651a4eccaef97ce6c3b"},
]
isort = [
    {file = "isort-5.6.2-py3-none-any.whl", hash = "sha256:a30c567b88d7b73e448b0f30526eaf2f943f0627809e4f34b9c3271918d96c3e"},
    {file = "isort-5.6.2.tar.gz", hash = "sha256:c2cfe5b621f62932677004f96f93c4b128dc457d957b0531f204641fe8adc8a6"},
]
mccabe = [
    {file = "mccabe-0.6.1-py2.py3-none-any.whl", hash = "sha256:ab8a6258860da4b6677da4bd2fe5dc2c659cff31b3ee4f7f5d64e79735b80d42"},
    {file = "mccabe-0.6.1.tar.gz", hash = "sha256:dd8d182285a0fe56bace7f45b5e7d1a6ebcbf524e8f3bd87eb0f125271b8831f"},
]
mypy = [
    {file = "mypy-0.812-cp35-cp35m-macosx_10_9_x86_64.whl", hash = "sha256:a26f8ec704e5a7423c8824d425086705e381b4f1dfdef6e3a1edab7ba174ec49"},
    {file = "mypy-0.812-cp35-cp35m-manylinux1_x86_64.whl", hash = "sha256:28fb5479c494b1bab244620685e2eb3c3f988d71fd5d64cc753195e8ed53df7c"},
    {file = "mypy-0.812-cp35-cp35m-manylinux2010_x86_64.whl", hash = "sha256:9743c91088d396c1a5a3c9978354b61b0382b4e3c440ce83cf77994a43e8c521"},
    {file = "mypy-0.812-cp35-cp35m-win_amd64.whl", hash = "sha256:d7da2e1d5f558c37d6e8c1246f1aec1e7349e4913d8fb3cb289a35de573fe2eb"},
    {file = "mypy-0.812-cp36-cp36m-macosx_10_9_x86_64.whl", hash = "sha256:4eec37370483331d13514c3f55f446fc5248d6373e7029a29ecb7b7494851e7a"},
    {file = "mypy-0.812-cp36-cp36m-manylinux1_x86_64.whl", hash = "sha256:d65cc1df038ef55a99e617431f0553cd77763869eebdf9042403e16089fe746c"},
    {file = "mypy-0.812-cp36-cp36m-manylinux2010_x86_64.whl", hash = "sha256:61a3d5b97955422964be6b3baf05ff2ce7f26f52c85dd88db11d5e03e146a3a6"},
    {file = "mypy-0.812-cp36-cp36m-win_amd64.whl", hash = "sha256:25adde9b862f8f9aac9d2d11971f226bd4c8fbaa89fb76bdadb267ef22d10064"},
    {file = "mypy-0.812-cp37-cp37m-macosx_10_9_x86_64.whl", hash = "sha256:552a815579aa1e995f39fd05dde6cd378e191b063f031f2acfe73ce9fb7f9e56"},
    {file = "mypy-0.812-cp37-cp37m-manylinux1_x86_64.whl", hash = "sha256:499c798053cdebcaa916eef8cd733e5584b5909f789de856b482cd7d069bdad8"},
    {file = "mypy-0.812-cp37-cp37m-manylinux2010_x86_64.whl", hash = "sha256:5873888fff1c7cf5b71efbe80e0e73153fe9212fafdf8e44adfe4c20ec9f82d7"},
    {file = "mypy-0.812-cp37-cp37m-win_amd64.whl", hash = "sha256:9f94aac67a2045ec719ffe6111df543bac7874cee01f41928f6969756e030564"},
    {file = "mypy-0.812-cp38-cp38-macosx_10_9_x86_64.whl", hash = "sha256:d23e0ea196702d918b60c8288561e722bf437d82cb7ef2edcd98cfa38905d506"},
    {file = "mypy-0.812-cp38-cp38-manylinux1_x86_64.whl", hash = "sha256:674e822aa665b9fd75130c6c5f5ed9564a38c6cea6a6432ce47eafb68ee578c5"},
    {file = "mypy-0.812-cp38-cp38-manylinux2010_x86_64.whl", hash = "sha256:abf7e0c3cf117c44d9285cc6128856106183938c68fd4944763003decdcfeb66"},
    {file = "mypy-0.812-cp38-cp38-win_amd64.whl", hash = "sha256:0d0a87c0e7e3a9becdfbe936c981d32e5ee0ccda3e0f07e1ef2c3d1a817cf73e"},
    {file = "mypy-0.812-cp39-cp39-macosx_10_9_x86_64.whl", hash = "sha256:7ce3175801d0ae5fdfa79b4f0cfed08807af4d075b402b7e294e6aa72af9aa2a"},
    {file = "mypy-0.812-cp39-cp39-manylinux1_x86_64.whl", hash = "sha256:b09669bcda124e83708f34a94606e01b614fa71931d356c1f1a5297ba11f110a"},
    {file = "mypy-0.812-cp39-cp39-manylinux2010_x86_64.whl", hash = "sha256:33f159443db0829d16f0a8d83d94df3109bb6dd801975fe86bacb9bf71628e97"},
    {file = "mypy-0.812-cp39-cp39-win_amd64.whl", hash = "sha256:3f2aca7f68580dc2508289c729bd49ee929a436208d2b2b6aab15745a70a57df"},
    {file = "mypy-0.812-py3-none-any.whl", hash = "sha256:2f9b3407c58347a452fc0736861593e105139b905cca7d097e413453a1d650b4"},
    {file = "mypy-0.812.tar.gz", hash = "sha256:cd07039aa5df222037005b08fbbfd69b3ab0b0bd7a07d7906de75ae52c4e3119"},
]
mypy-extensions = [
    {file = "mypy_extensions-0.4.3-py2.py3-none-any.whl", hash = "sha256:090fedd75945a69ae91ce1303b5824f428daf5a028d2f6ab8a299250a846f15d"},
    {file = "mypy_extensions-0.4.3.tar.gz", hash = "sha256:2d82818f5bb3e369420cb3c4060a7970edba416647068eb4c5343488a6c604a8"},
]
pathspec = [
    {file = "pathspec-0.9.0-py2.py3-none-any.whl", hash = "sha256:7d15c4ddb0b5c802d161efc417ec1a2558ea2653c2e8ad9c19098201dc1c993a"},
    {file = "pathspec-0.9.0.tar.gz", hash = "sha256:e564499435a2673d586f6b2130bb5b95f04a3ba06f81b8f895b651a3c76aabb1"},
]
pycodestyle = [
    {file = "pycodestyle-2.6.0-py2.py3-none-any.whl", hash = "sha256:2295e7b2f6b5bd100585ebcb1f616591b652db8a741695b3d8f5d28bdc934367"},
    {file = "pycodestyle-2.6.0.tar.gz", hash = "sha256:c58a7d2815e0e8d7972bf1803331fb0152f867bd89adf8a01dfd55085434192e"},
]
pyflakes = [
    {file = "pyflakes-2.2.0-py2.py3-none-any.whl", hash = "sha256:0d94e0e05a19e57a99444b6ddcf9a6eb2e5c68d3ca1e98e90707af8152c90a92"},
    {file = "pyflakes-2.2.0.tar.gz", hash = "sha256:35b2d75ee967ea93b55750aa9edbbf72813e06a66ba54438df2cfac9e3c27fc8"},
]
python-telegram = [
    {file = "python-telegram-0.15.0.tar.gz", hash = "sha256:35ad8d22256061ec4a6c4aa3379f217e4831c057424cbed9ec3dd61212f8c170"},
]
regex = [
    {file = "regex-2022.3.15-cp310-cp310-macosx_10_9_x86_64.whl", hash = "sha256:42eb13b93765c6698a5ab3bcd318d8c39bb42e5fa8a7fcf7d8d98923f3babdb1"},
    {file = "regex-2022.3.15-cp310-cp310-macosx_11_0_arm64.whl", hash = "sha256:9beb03ff6fe509d6455971c2489dceb31687b38781206bcec8e68bdfcf5f1db2"},
    {file = "regex-2022.3.15-cp310-cp310-manylinux_2_17_aarch64.manylinux2014_aarch64.whl", hash = "sha256:d0a5a1fdc9f148a8827d55b05425801acebeeefc9e86065c7ac8b8cc740a91ff"},
    {file = "regex-2022.3.15-cp310-cp310-manylinux_2_17_ppc64le.manylinux2014_ppc64le.whl", hash = "sha256:cb374a2a4dba7c4be0b19dc7b1adc50e6c2c26c3369ac629f50f3c198f3743a4"},
    {file = "regex-2022.3.15-cp310-cp310-manylinux_2_17_s390x.manylinux2014_s390x.whl", hash = "sha256:c33ce0c665dd325200209340a88438ba7a470bd5f09f7424e520e1a3ff835b52"},
    {file = "regex-2022.3.15-cp310-cp310-manylinux_2_17_x86_64.manylinux2014_x86_64.whl", hash = "sha256:04c09b9651fa814eeeb38e029dc1ae83149203e4eeb94e52bb868fadf64852bc"},
    {file = "regex-2022.3.15-cp310-cp310-manylinux_2_5_i686.manylinux1_i686.manylinux_2_17_i686.manylinux2014_i686.whl", hash = "sha256:ab5d89cfaf71807da93c131bb7a19c3e19eaefd613d14f3bce4e97de830b15df"},
    {file = "regex-2022.3.15-cp310-cp310-manylinux_2_5_x86_64.manylinux1_x86_64.manylinux_2_12_x86_64.manylinux2010_x86_64.whl", hash = "sha256:0e2630ae470d6a9f8e4967388c1eda4762706f5750ecf387785e0df63a4cc5af"},
    {file = "regex-2022.3.15-cp310-cp310-musllinux_1_1_aarch64.whl", hash = "sha256:df037c01d68d1958dad3463e2881d3638a0d6693483f58ad41001aa53a83fcea"},
    {file = "regex-2022.3.15-cp310-cp310-musllinux_1_1_i686.whl", hash = "sha256:940570c1a305bac10e8b2bc934b85a7709c649317dd16520471e85660275083a"},
    {file = "regex-2022.3.15-cp310-cp310-musllinux_1_1_ppc64le.whl", hash = "sha256:7f63877c87552992894ea1444378b9c3a1d80819880ae226bb30b04789c0828c"},
    {file = "regex-2022.3.15-cp310-cp310-musllinux_1_1_s390x.whl", hash = "sha256:3e265b388cc80c7c9c01bb4f26c9e536c40b2c05b7231fbb347381a2e1c8bf43"},
    {file = "regex-2022.3.15-cp310-cp310-musllinux_1_1_x86_64.whl", hash = "sha256:058054c7a54428d5c3e3739ac1e363dc9347d15e64833817797dc4f01fb94bb8"},
    {file = "regex-2022.3.15-cp310-cp310-win32.whl", hash = "sha256:76435a92e444e5b8f346aed76801db1c1e5176c4c7e17daba074fbb46cb8d783"},
    {file = "regex-2022.3.15-cp310-cp310-win_amd64.whl", hash = "sha256:174d964bc683b1e8b0970e1325f75e6242786a92a22cedb2a6ec3e4ae25358bd"},
    {file = "regex-2022.3.15-cp36-cp36m-macosx_10_9_x86_64.whl", hash = "sha256:6e1d8ed9e61f37881c8db383a124829a6e8114a69bd3377a25aecaeb9b3538f8"},
    {file = "regex-2022.3.15-cp36-cp36m-manylinux_2_17_aarch64.manylinux2014_aarch64.whl", hash = "sha256:b52771f05cff7517f7067fef19ffe545b1f05959e440d42247a17cd9bddae11b"},
    {file = "regex-2022.3.15-cp36-cp36m-manylinux_2_17_ppc64le.manylinux2014_ppc64le.whl", hash = "sha256:673f5a393d603c34477dbad70db30025ccd23996a2d0916e942aac91cc42b31a"},
    {file = "regex-2022.3.15-cp36-cp36m-manylinux_2_17_s390x.manylinux2014_s390x.whl", hash = "sha256:8923e1c5231549fee78ff9b2914fad25f2e3517572bb34bfaa3aea682a758683"},
    {file = "regex-2022.3.15-cp36-cp36m-manylinux_2_17_x86_64.manylinux2014_x86_64.whl", hash = "sha256:764e66a0e382829f6ad3bbce0987153080a511c19eb3d2f8ead3f766d14433ac"},
    {file = "regex-2022.3.15-cp36-cp36m-manylinux_2_5_i686.manylinux1_i686.manylinux_2_17_i686.manylinux2014_i686.whl", hash = "sha256:cd00859291658fe1fda48a99559fb34da891c50385b0bfb35b808f98956ef1e7"},
    {file = "regex-2022.3.15-cp36-cp36m-manylinux_2_5_x86_64.manylinux1_x86_64.manylinux_2_12_x86_64.manylinux2010_x86_64.whl", hash = "sha256:aa2ce79f3889720b46e0aaba338148a1069aea55fda2c29e0626b4db20d9fcb7"},
    {file = "regex-2022.3.15-cp36-cp36m-musllinux_1_1_aarch64.whl", hash = "sha256:34bb30c095342797608727baf5c8aa122406aa5edfa12107b8e08eb432d4c5d7"},
    {file = "regex-2022.3.15-cp36-cp36m-musllinux_1_1_i686.whl", hash = "sha256:25ecb1dffc5e409ca42f01a2b2437f93024ff1612c1e7983bad9ee191a5e8828"},
    {file = "regex-2022.3.15-cp36-cp36m-musllinux_1_1_ppc64le.whl", hash = "sha256:aa5eedfc2461c16a092a2fabc5895f159915f25731740c9152a1b00f4bcf629a"},
    {file = "regex-2022.3.15-cp36-cp36m-musllinux_1_1_s390x.whl", hash = "sha256:7d1a6e403ac8f1d91d8f51c441c3f99367488ed822bda2b40836690d5d0059f5"},
    {file = "regex-2022.3.15-cp36-cp36m-musllinux_1_1_x86_64.whl", hash = "sha256:3e4d710ff6539026e49f15a3797c6b1053573c2b65210373ef0eec24480b900b"},
    {file = "regex-2022.3.15-cp36-cp36m-win32.whl", hash = "sha256:0100f0ded953b6b17f18207907159ba9be3159649ad2d9b15535a74de70359d3"},
    {file = "regex-2022.3.15-cp36-cp36m-win_amd64.whl", hash = "sha256:f320c070dea3f20c11213e56dbbd7294c05743417cde01392148964b7bc2d31a"},
    {file = "regex-2022.3.15-cp37-cp37m-macosx_10_9_x86_64.whl", hash = "sha256:fc8c7958d14e8270171b3d72792b609c057ec0fa17d507729835b5cff6b7f69a"},
    {file = "regex-2022.3.15-cp37-cp37m-manylinux_2_17_aarch64.manylinux2014_aarch64.whl", hash = "sha256:6ca6dcd17f537e9f3793cdde20ac6076af51b2bd8ad5fe69fa54373b17b48d3c"},
    {file = "regex-2022.3.15-cp37-cp37m-manylinux_2_17_ppc64le.manylinux2014_ppc64le.whl", hash = "sha256:0214ff6dff1b5a4b4740cfe6e47f2c4c92ba2938fca7abbea1359036305c132f"},
    {file = "regex-2022.3.15-cp37-cp37m-manylinux_2_17_s390x.manylinux2014_s390x.whl", hash = "sha256:a98ae493e4e80b3ded6503ff087a8492db058e9c68de371ac3df78e88360b374"},
    {file = "regex-2022.3.15-cp37-cp37m-manylinux_2_17_x86_64.manylinux2014_x86_64.whl", hash = "sha256:8b1cc70e31aacc152a12b39245974c8fccf313187eead559ee5966d50e1b5817"},
    {file = "regex-2022.3.15-cp37-cp37m-manylinux_2_5_i686.manylinux1_i686.manylinux_2_17_i686.manylinux2014_i686.whl", hash = "sha256:b4829db3737480a9d5bfb1c0320c4ee13736f555f53a056aacc874f140e98f64"},
    {file = "regex-2022.3.15-cp37-cp37m-manylinux_2_5_x86_64.manylinux1_x86_64.manylinux_2_12_x86_64.manylinux2010_x86_64.whl", hash = "sha256:303b15a3d32bf5fe5a73288c316bac5807587f193ceee4eb6d96ee38663789fa"},
    {file = "regex-2022.3.15-cp37-cp37m-musllinux_1_1_aarch64.whl", hash = "sha256:dc7b7c16a519d924c50876fb152af661a20749dcbf653c8759e715c1a7a95b18"},
    {file = "regex-2022.3.15-cp37-cp37m-musllinux_1_1_i686.whl", hash = "sha256:ce3057777a14a9a1399b81eca6a6bfc9612047811234398b84c54aeff6d536ea"},
    {file = "regex-2022.3.15-cp37-cp37m-musllinux_1_1_ppc64le.whl", hash = "sha256:48081b6bff550fe10bcc20c01cf6c83dbca2ccf74eeacbfac240264775fd7ecf"},
    {file = "regex-2022.3.15-cp37-cp37m-musllinux_1_1_s390x.whl", hash = "sha256:dcbb7665a9db9f8d7642171152c45da60e16c4f706191d66a1dc47ec9f820aed"},
    {file = "regex-2022.3.15-cp37-cp37m-musllinux_1_1_x86_64.whl", hash = "sha256:c155a1a80c5e7a8fa1d9bb1bf3c8a953532b53ab1196092749bafb9d3a7cbb60"},
    {file = "regex-2022.3.15-cp37-cp37m-win32.whl", hash = "sha256:04b5ee2b6d29b4a99d38a6469aa1db65bb79d283186e8460542c517da195a8f6"},
    {file = "regex-2022.3.15-cp37-cp37m-win_amd64.whl", hash = "sha256:797437e6024dc1589163675ae82f303103063a0a580c6fd8d0b9a0a6708da29e"},
    {file = "regex-2022.3.15-cp38-cp38-macosx_10_9_x86_64.whl", hash = "sha256:8afcd1c2297bc989dceaa0379ba15a6df16da69493635e53431d2d0c30356086"},
    {file = "regex-2022.3.15-cp38-cp38-macosx_11_0_arm64.whl", hash = "sha256:0066a6631c92774391f2ea0f90268f0d82fffe39cb946f0f9c6b382a1c61a5e5"},
    {file = "regex-2022.3.15-cp38-cp38-manylinux_2_17_aarch64.manylinux2014_aarch64.whl", hash = "sha256:b8248f19a878c72d8c0a785a2cd45d69432e443c9f10ab924c29adda77b324ae"},
    {file = "regex-2022.3.15-cp38-cp38-manylinux_2_17_ppc64le.manylinux2014_ppc64le.whl", hash = "sha256:8d1f3ea0d1924feb4cf6afb2699259f658a08ac6f8f3a4a806661c2dfcd66db1"},
    {file = "regex-2022.3.15-cp38-cp38-manylinux_2_17_s390x.manylinux2014_s390x.whl", hash = "sha256:794a6bc66c43db8ed06698fc32aaeaac5c4812d9f825e9589e56f311da7becd9"},
    {file = "regex-2022.3.15-cp38-cp38-manylinux_2_17_x86_64.manylinux2014_x86_64.whl", hash = "sha256:4d1445824944e642ffa54c4f512da17a953699c563a356d8b8cbdad26d3b7598"},
    {file = "regex-2022.3.15-cp38-cp38-manylinux_2_5_i686.manylinux1_i686.manylinux_2_17_i686.manylinux2014_i686.whl", hash = "sha256:f553a1190ae6cd26e553a79f6b6cfba7b8f304da2071052fa33469da075ea625"},
    {file = "regex-2022.3.15-cp38-cp38-manylinux_2_5_x86_64.manylinux1_x86_64.manylinux_2_12_x86_64.manylinux2010_x86_64.whl", hash = "sha256:75a5e6ce18982f0713c4bac0704bf3f65eed9b277edd3fb9d2b0ff1815943327"},
    {file = "regex-2022.3.15-cp38-cp38-musllinux_1_1_aarch64.whl", hash = "sha256:f16cf7e4e1bf88fecf7f41da4061f181a6170e179d956420f84e700fb8a3fd6b"},
    {file = "regex-2022.3.15-cp38-cp38-musllinux_1_1_i686.whl", hash = "sha256:dad3991f0678facca1a0831ec1ddece2eb4d1dd0f5150acb9440f73a3b863907"},
    {file = "regex-2022.3.15-cp38-cp38-musllinux_1_1_ppc64le.whl", hash = "sha256:491fc754428514750ab21c2d294486223ce7385446f2c2f5df87ddbed32979ae"},
    {file = "regex-2022.3.15-cp38-cp38-musllinux_1_1_s390x.whl", hash = "sha256:6504c22c173bb74075d7479852356bb7ca80e28c8e548d4d630a104f231e04fb"},
    {file = "regex-2022.3.15-cp38-cp38-musllinux_1_1_x86_64.whl", hash = "sha256:01c913cf573d1da0b34c9001a94977273b5ee2fe4cb222a5d5b320f3a9d1a835"},
    {file = "regex-2022.3.15-cp38-cp38-win32.whl", hash = "sha256:029e9e7e0d4d7c3446aa92474cbb07dafb0b2ef1d5ca8365f059998c010600e6"},
    {file = "regex-2022.3.15-cp38-cp38-win_amd64.whl", hash = "sha256:947a8525c0a95ba8dc873191f9017d1b1e3024d4dc757f694e0af3026e34044a"},
    {file = "regex-2022.3.15-cp39-cp39-macosx_10_9_x86_64.whl", hash = "sha256:591d4fba554f24bfa0421ba040cd199210a24301f923ed4b628e1e15a1001ff4"},
    {file = "regex-2022.3.15-cp39-cp39-macosx_11_0_arm64.whl", hash = "sha256:b9809404528a999cf02a400ee5677c81959bc5cb938fdc696b62eb40214e3632"},
    {file = "regex-2022.3.15-cp39-cp39-manylinux_2_17_aarch64.manylinux2014_aarch64.whl", hash = "sha256:f08a7e4d62ea2a45557f561eea87c907222575ca2134180b6974f8ac81e24f06"},
    {file = "regex-2022.3.15-cp39-cp39-manylinux_2_17_ppc64le.manylinux2014_ppc64le.whl", hash = "sha256:5a86cac984da35377ca9ac5e2e0589bd11b3aebb61801204bd99c41fac516f0d"},
    {file = "regex-2022.3.15-cp39-cp39-manylinux_2_17_s390x.manylinux2014_s390x.whl", hash = "sha256:286908cbe86b1a0240a867aecfe26a439b16a1f585d2de133540549831f8e774"},
    {file = "regex-2022.3.15-cp39-cp39-manylinux_2_17_x86_64.manylinux2014_x86_64.whl", hash = "sha256:7b7494df3fdcc95a1f76cf134d00b54962dd83189520fd35b8fcd474c0aa616d"},
    {file = "regex-2022.3.15-cp39-cp39-manylinux_2_5_i686.manylinux1_i686.manylinux_2_17_i686.manylinux2014_i686.whl", hash = "sha256:5b1ceede92400b3acfebc1425937454aaf2c62cd5261a3fabd560c61e74f6da3"},
    {file = "regex-2022.3.15-cp39-cp39-manylinux_2_5_x86_64.manylinux1_x86_64.manylinux_2_12_x86_64.manylinux2010_x86_64.whl", hash = "sha256:0317eb6331146c524751354ebef76a7a531853d7207a4d760dfb5f553137a2a4"},
    {file = "regex-2022.3.15-cp39-cp39-musllinux_1_1_aarch64.whl", hash = "sha256:9c144405220c5ad3f5deab4c77f3e80d52e83804a6b48b6bed3d81a9a0238e4c"},
    {file = "regex-2022.3.15-cp39-cp39-musllinux_1_1_i686.whl", hash = "sha256:5b2e24f3ae03af3d8e8e6d824c891fea0ca9035c5d06ac194a2700373861a15c"},
    {file = "regex-2022.3.15-cp39-cp39-musllinux_1_1_ppc64le.whl", hash = "sha256:f2c53f3af011393ab5ed9ab640fa0876757498aac188f782a0c620e33faa2a3d"},
    {file = "regex-2022.3.15-cp39-cp39-musllinux_1_1_s390x.whl", hash = "sha256:060f9066d2177905203516c62c8ea0066c16c7342971d54204d4e51b13dfbe2e"},
    {file = "regex-2022.3.15-cp39-cp39-musllinux_1_1_x86_64.whl", hash = "sha256:530a3a16e57bd3ea0dff5ec2695c09632c9d6c549f5869d6cf639f5f7153fb9c"},
    {file = "regex-2022.3.15-cp39-cp39-win32.whl", hash = "sha256:78ce90c50d0ec970bd0002462430e00d1ecfd1255218d52d08b3a143fe4bde18"},
    {file = "regex-2022.3.15-cp39-cp39-win_amd64.whl", hash = "sha256:c5adc854764732dbd95a713f2e6c3e914e17f2ccdc331b9ecb777484c31f73b6"},
    {file = "regex-2022.3.15.tar.gz", hash = "sha256:0a7b75cc7bb4cc0334380053e4671c560e31272c9d2d5a6c4b8e9ae2c9bd0f82"},
]
toml = [
    {file = "toml-0.10.2-py2.py3-none-any.whl", hash = "sha256:806143ae5bfb6a3c6e736a764057db0e6a0e05e338b5630894a5f779cabb4f9b"},
    {file = "toml-0.10.2.tar.gz", hash = "sha256:b3bda1d108d5dd99f4a20d24d9c348e91c4db7ab1b749200bded2f839ccbe68f"},
]
typed-ast = [
    {file = "typed_ast-1.4.3-cp35-cp35m-manylinux1_i686.whl", hash = "sha256:2068531575a125b87a41802130fa7e29f26c09a2833fea68d9a40cf33902eba6"},
    {file = "typed_ast-1.4.3-cp35-cp35m-manylinux1_x86_64.whl", hash = "sha256:c907f561b1e83e93fad565bac5ba9c22d96a54e7ea0267c708bffe863cbe4075"},
    {file = "typed_ast-1.4.3-cp35-cp35m-manylinux2014_aarch64.whl", hash = "sha256:1b3ead4a96c9101bef08f9f7d1217c096f31667617b58de957f690c92378b528"},
    {file = "typed_ast-1.4.3-cp35-cp35m-win32.whl", hash = "sha256:dde816ca9dac1d9c01dd504ea5967821606f02e510438120091b84e852367428"},
    {file = "typed_ast-1.4.3-cp35-cp35m-win_amd64.whl", hash = "sha256:777a26c84bea6cd934422ac2e3b78863a37017618b6e5c08f92ef69853e765d3"},
    {file = "typed_ast-1.4.3-cp36-cp36m-macosx_10_9_x86_64.whl", hash = "sha256:f8afcf15cc511ada719a88e013cec87c11aff7b91f019295eb4530f96fe5ef2f"},
    {file = "typed_ast-1.4.3-cp36-cp36m-manylinux1_i686.whl", hash = "sha256:52b1eb8c83f178ab787f3a4283f68258525f8d70f778a2f6dd54d3b5e5fb4341"},
    {file = "typed_ast-1.4.3-cp36-cp36m-manylinux1_x86_64.whl", hash = "sha256:01ae5f73431d21eead5015997ab41afa53aa1fbe252f9da060be5dad2c730ace"},
    {file = "typed_ast-1.4.3-cp36-cp36m-manylinux2014_aarch64.whl", hash = "sha256:c190f0899e9f9f8b6b7863debfb739abcb21a5c054f911ca3596d12b8a4c4c7f"},
    {file = "typed_ast-1.4.3-cp36-cp36m-win32.whl", hash = "sha256:398e44cd480f4d2b7ee8d98385ca104e35c81525dd98c519acff1b79bdaac363"},
    {file = "typed_ast-1.4.3-cp36-cp36m-win_amd64.whl", hash = "sha256:bff6ad71c81b3bba8fa35f0f1921fb24ff4476235a6e94a26ada2e54370e6da7"},
    {file = "typed_ast-1.4.3-cp37-cp37m-macosx_10_9_x86_64.whl", hash = "sha256:0fb71b8c643187d7492c1f8352f2c15b4c4af3f6338f21681d3681b3dc31a266"},
    {file = "typed_ast-1.4.3-cp37-cp37m-manylinux1_i686.whl", hash = "sha256:760ad187b1041a154f0e4d0f6aae3e40fdb51d6de16e5c99aedadd9246450e9e"},
    {file = "typed_ast-1.4.3-cp37-cp37m-manylinux1_x86_64.whl", hash = "sha256:5feca99c17af94057417d744607b82dd0a664fd5e4ca98061480fd8b14b18d04"},
    {file = "typed_ast-1.4.3-cp37-cp37m-manylinux2014_aarch64.whl", hash = "sha256:95431a26309a21874005845c21118c83991c63ea800dd44843e42a916aec5899"},
    {file = "typed_ast-1.4.3-cp37-cp37m-win32.whl", hash = "sha256:aee0c1256be6c07bd3e1263ff920c325b59849dc95392a05f258bb9b259cf39c"},
    {file = "typed_ast-1.4.3-cp37-cp37m-win_amd64.whl", hash = "sha256:9ad2c92ec681e02baf81fdfa056fe0d818645efa9af1f1cd5fd6f1bd2bdfd805"},
    {file = "typed_ast-1.4.3-cp38-cp38-macosx_10_9_x86_64.whl", hash = "sha256:b36b4f3920103a25e1d5d024d155c504080959582b928e91cb608a65c3a49e1a"},
    {file = "typed_ast-1.4.3-cp38-cp38-manylinux1_i686.whl", hash = "sha256:067a74454df670dcaa4e59349a2e5c81e567d8d65458d480a5b3dfecec08c5ff"},
    {file = "typed_ast-1.4.3-cp38-cp38-manylinux1_x86_64.whl", hash = "sha256:7538e495704e2ccda9b234b82423a4038f324f3a10c43bc088a1636180f11a41"},
    {file = "typed_ast-1.4.3-cp38-cp38-manylinux2014_aarch64.whl", hash = "sha256:af3d4a73793725138d6b334d9d247ce7e5f084d96284ed23f22ee626a7b88e39"},
    {file = "typed_ast-1.4.3-cp38-cp38-win32.whl", hash = "sha256:f2362f3cb0f3172c42938946dbc5b7843c2a28aec307c49100c8b38764eb6927"},
    {file = "typed_ast-1.4.3-cp38-cp38-win_amd64.whl", hash = "sha256:dd4a21253f42b8d2b48410cb31fe501d32f8b9fbeb1f55063ad102fe9c425e40"},
    {file = "typed_ast-1.4.3-cp39-cp39-macosx_10_9_x86_64.whl", hash = "sha256:f328adcfebed9f11301eaedfa48e15bdece9b519fb27e6a8c01aa52a17ec31b3"},
    {file = "typed_ast-1.4.3-cp39-cp39-manylinux1_i686.whl", hash = "sha256:2c726c276d09fc5c414693a2de063f521052d9ea7c240ce553316f70656c84d4"},
    {file = "typed_ast-1.4.3-cp39-cp39-manylinux1_x86_64.whl", hash = "sha256:cae53c389825d3b46fb37538441f75d6aecc4174f615d048321b716df2757fb0"},
    {file = "typed_ast-1.4.3-cp39-cp39-manylinux2014_aarch64.whl", hash = "sha256:b9574c6f03f685070d859e75c7f9eeca02d6933273b5e69572e5ff9d5e3931c3"},
    {file = "typed_ast-1.4.3-cp39-cp39-win32.whl", hash = "sha256:209596a4ec71d990d71d5e0d312ac935d86930e6eecff6ccc7007fe54d703808"},
    {file = "typed_ast-1.4.3-cp39-cp39-win_amd64.whl", hash = "sha256:9c6d1a54552b5330bc657b7ef0eae25d00ba7ffe85d9ea8ae6540d2197a3788c"},
    {file = "typed_ast-1.4.3.tar.gz", hash = "sha256:fb1bbeac803adea29cedd70781399c99138358c26d05fcbd23c13016b7f5ec65"},
]
typing-extensions = [
    {file = "typing_extensions-4.2.0-py3-none-any.whl", hash = "sha256:6657594ee297170d19f67d55c05852a874e7eb634f4f753dbd667855e07c1708"},
    {file = "typing_extensions-4.2.0.tar.gz", hash = "sha256:f1c24655a0da0d1b67f07e17a5e6b2a105894e6824b92096378bb3668ef02376"},
]
